{
  "name": "real-client-ip",
  "version": "1.0.2",
  "lockfileVersion": 1,
  "requires": true,
  "dependencies": {
    "@types/node": {
      "version": "17.0.21",
      "resolved": "https://npmregistry.privmx.com/@types%2fnode/-/node-17.0.21.tgz",
      "integrity": "sha512-DBZCJbhII3r90XbQxI8Y9IjjiiOGlZ0Hr32omXIZvwwZ7p4DMMXGrKXVyPfuoBOri9XNtL0UK69jYIBIsRX3QQ==",
      "dev": true
    },
    "@types/proxy-addr": {
      "version": "2.0.0",
      "resolved": "https://npmregistry.privmx.com/@types%2fproxy-addr/-/proxy-addr-2.0.0.tgz",
      "integrity": "sha512-JEm0kSrO3CjbFSLpYeYhCscS0vpW1mIWedhWuurJnYbMzY1vcm9fzJ6TL6SWq3m/m3g4KUV5JBT69mQSwUHZHg==",
      "dev": true,
      "requires": {
        "@types/node": "*"
      }
    },
    "q2-test": {
      "version": "1.0.0",
      "resolved": "https://registry.npmjs.org/q2-test/-/q2-test-1.0.0.tgz",
      "integrity": "sha512-wG8spPPHoK11m9WpmFopS7PyhjpeGmPi9qn/GEPFy5rbHaA9LMU/lkHif8sT5bcvm7DPM+Ywqm9yNM2YRm1NTw==",
      "dev": true
    }
  }
}
