{
  "name": "real-client-ip",
  "version": "1.0.1",
  "lockfileVersion": 1,
  "requires": true,
  "dependencies": {
    "@types/node": {
      "version": "17.0.21",
      "resolved": "https://npmregistry.privmx.com/@types%2fnode/-/node-17.0.21.tgz",
      "integrity": "sha512-DBZCJbhII3r90XbQxI8Y9IjjiiOGlZ0Hr32omXIZvwwZ7p4DMMXGrKXVyPfuoBOri9XNtL0UK69jYIBIsRX3QQ==",
      "dev": true
    },
    "@types/proxy-addr": {
      "version": "2.0.0",
      "resolved": "https://npmregistry.privmx.com/@types%2fproxy-addr/-/proxy-addr-2.0.0.tgz",
      "integrity": "sha512-JEm0kSrO3CjbFSLpYeYhCscS0vpW1mIWedhWuurJnYbMzY1vcm9fzJ6TL6SWq3m/m3g4KUV5JBT69mQSwUHZHg==",
      "dev": true,
      "requires": {
        "@types/node": "*"
      }
    },
    "@types/q-test": {
      "version": "1.0.0",
      "resolved": "https://npmregistry.privmx.com/@types%2fq-test/-/q-test-1.0.0.tgz",
      "integrity": "sha512-rdfSI+a5IImpNmhuU51lri/rECtkBa7P22TiiirSUrfnQ8MPlRBj88ahY7KRUHBkzvG3fuWL+5yGywvvf9KYiQ==",
      "dev": true
    },
    "q-test": {
      "version": "1.0.0",
      "resolved": "https://npmregistry.privmx.com/q-test/-/q-test-1.0.0.tgz",
      "integrity": "sha512-JWAa5g9ZzSYgOQDrLW29AJCB7RY0IVxd1ypxZcNr3LMd347CCqkWGq9BYru4QNb5JORBrAIiL5io/shL5aqtkg==",
      "dev": true
    }
  }
}
